// !$*UTF8*$!
{
	archiveVersion = 1;
	classes = {
	};
	objectVersion = 56;
	objects = {

/* Begin PBXBuildFile section */
		C1381B482B5A8B58001A5285 /* SearchResultViewController.swift in Sources */ = {isa = PBXBuildFile; fileRef = C1381B472B5A8B58001A5285 /* SearchResultViewController.swift */; };
		C1381B4B2B5A8B62001A5285 /* SearchResultCollectionViewCell.swift in Sources */ = {isa = PBXBuildFile; fileRef = C1381B492B5A8B62001A5285 /* SearchResultCollectionViewCell.swift */; };
		C1381B4C2B5A8B62001A5285 /* SearchResultCollectionViewCell.xib in Resources */ = {isa = PBXBuildFile; fileRef = C1381B4A2B5A8B62001A5285 /* SearchResultCollectionViewCell.xib */; };
		C1381B512B5A99C1001A5285 /* APIManager.swift in Sources */ = {isa = PBXBuildFile; fileRef = C1381B502B5A99C1001A5285 /* APIManager.swift */; };
		C1381B542B5A99D2001A5285 /* Alamofire in Frameworks */ = {isa = PBXBuildFile; productRef = C1381B532B5A99D2001A5285 /* Alamofire */; };
		C1381B572B5A99E0001A5285 /* Kingfisher in Frameworks */ = {isa = PBXBuildFile; productRef = C1381B562B5A99E0001A5285 /* Kingfisher */; };
		C1381B592B5A9A4A001A5285 /* UserDefaultsManager.swift in Sources */ = {isa = PBXBuildFile; fileRef = C1381B582B5A9A4A001A5285 /* UserDefaultsManager.swift */; };
		C1381B5B2B5A9CF6001A5285 /* Search.swift in Sources */ = {isa = PBXBuildFile; fileRef = C1381B5A2B5A9CF6001A5285 /* Search.swift */; };
		C1381B5E2B5BD6B0001A5285 /* ItemDetailViewController.swift in Sources */ = {isa = PBXBuildFile; fileRef = C1381B5D2B5BD6B0001A5285 /* ItemDetailViewController.swift */; };
		C1381B612B5BE23D001A5285 /* Onboarding.storyboard in Resources */ = {isa = PBXBuildFile; fileRef = C1381B602B5BE23D001A5285 /* Onboarding.storyboard */; };
		C1381B652B5BF1F2001A5285 /* SettingsTableViewCell.swift in Sources */ = {isa = PBXBuildFile; fileRef = C1381B632B5BF1F2001A5285 /* SettingsTableViewCell.swift */; };
		C1381B662B5BF1F2001A5285 /* SettingsTableViewCell.xib in Resources */ = {isa = PBXBuildFile; fileRef = C1381B642B5BF1F2001A5285 /* SettingsTableViewCell.xib */; };
		C1381B692B5BF205001A5285 /* SettingsProfileTableViewCell.swift in Sources */ = {isa = PBXBuildFile; fileRef = C1381B672B5BF205001A5285 /* SettingsProfileTableViewCell.swift */; };
		C1381B6A2B5BF205001A5285 /* SettingsProfileTableViewCell.xib in Resources */ = {isa = PBXBuildFile; fileRef = C1381B682B5BF205001A5285 /* SettingsProfileTableViewCell.xib */; };
		C1381B6C2B5BF412001A5285 /* Settings.swift in Sources */ = {isa = PBXBuildFile; fileRef = C1381B6B2B5BF412001A5285 /* Settings.swift */; };
		C1381B752B5E47ED001A5285 /* SSButton.swift in Sources */ = {isa = PBXBuildFile; fileRef = C1381B742B5E47ED001A5285 /* SSButton.swift */; };
		C1381B772B5E4E5A001A5285 /* SSNavigationTitle.swift in Sources */ = {isa = PBXBuildFile; fileRef = C1381B762B5E4E5A001A5285 /* SSNavigationTitle.swift */; };
		C1381B7B2B5E794B001A5285 /* LikedItemsTableViewCell.swift in Sources */ = {isa = PBXBuildFile; fileRef = C1381B792B5E794B001A5285 /* LikedItemsTableViewCell.swift */; };
		C1381B7C2B5E794B001A5285 /* LikedItemsTableViewCell.xib in Resources */ = {isa = PBXBuildFile; fileRef = C1381B7A2B5E794B001A5285 /* LikedItemsTableViewCell.xib */; };
		C1381B832B5E7B06001A5285 /* RecommendCollectionViewCell.swift in Sources */ = {isa = PBXBuildFile; fileRef = C1381B812B5E7B06001A5285 /* RecommendCollectionViewCell.swift */; };
		C1381B842B5E7B06001A5285 /* RecommendCollectionViewCell.xib in Resources */ = {isa = PBXBuildFile; fileRef = C1381B822B5E7B06001A5285 /* RecommendCollectionViewCell.xib */; };
		C1381B932B5F7F2C001A5285 /* Constants.swift in Sources */ = {isa = PBXBuildFile; fileRef = C1381B922B5F7F2C001A5285 /* Constants.swift */; };
		C1381BB82B5FFB6A001A5285 /* LocalNotificationManager.swift in Sources */ = {isa = PBXBuildFile; fileRef = C1381BB72B5FFB6A001A5285 /* LocalNotificationManager.swift */; };
		C148B88E2B5904F400795223 /* AppDelegate.swift in Sources */ = {isa = PBXBuildFile; fileRef = C148B88D2B5904F400795223 /* AppDelegate.swift */; };
		C148B8902B5904F400795223 /* SceneDelegate.swift in Sources */ = {isa = PBXBuildFile; fileRef = C148B88F2B5904F400795223 /* SceneDelegate.swift */; };
		C148B8922B5904F400795223 /* ViewController.swift in Sources */ = {isa = PBXBuildFile; fileRef = C148B8912B5904F400795223 /* ViewController.swift */; };
		C148B8952B5904F400795223 /* Main.storyboard in Resources */ = {isa = PBXBuildFile; fileRef = C148B8932B5904F400795223 /* Main.storyboard */; };
		C148B8972B5904F500795223 /* Assets.xcassets in Resources */ = {isa = PBXBuildFile; fileRef = C148B8962B5904F500795223 /* Assets.xcassets */; };
		C148B89A2B5904F500795223 /* LaunchScreen.storyboard in Resources */ = {isa = PBXBuildFile; fileRef = C148B8982B5904F500795223 /* LaunchScreen.storyboard */; };
		C148B8A22B59050400795223 /* .gitignore in Resources */ = {isa = PBXBuildFile; fileRef = C148B8A12B59050400795223 /* .gitignore */; };
		C148B8A42B59051A00795223 /* APIKey.swift in Sources */ = {isa = PBXBuildFile; fileRef = C148B8A32B59051A00795223 /* APIKey.swift */; };
		C148B8A72B59075400795223 /* OnboardingViewController.swift in Sources */ = {isa = PBXBuildFile; fileRef = C148B8A62B59075400795223 /* OnboardingViewController.swift */; };
		C148B8AA2B590BB900795223 /* UIViewController+Extension.swift in Sources */ = {isa = PBXBuildFile; fileRef = C148B8A92B590BB900795223 /* UIViewController+Extension.swift */; };
		C148B8AC2B590E1500795223 /* ProfileSettingViewController.swift in Sources */ = {isa = PBXBuildFile; fileRef = C148B8AB2B590E1500795223 /* ProfileSettingViewController.swift */; };
		C148B8AE2B59195800795223 /* ProfileImageSelectViewController.swift in Sources */ = {isa = PBXBuildFile; fileRef = C148B8AD2B59195800795223 /* ProfileImageSelectViewController.swift */; };
		C148B8B32B59228800795223 /* ProfileCollectionViewCell.swift in Sources */ = {isa = PBXBuildFile; fileRef = C148B8B12B59228800795223 /* ProfileCollectionViewCell.swift */; };
		C148B8B42B59228800795223 /* ProfileCollectionViewCell.xib in Resources */ = {isa = PBXBuildFile; fileRef = C148B8B22B59228800795223 /* ProfileCollectionViewCell.xib */; };
		C148B8B62B5937C400795223 /* MainViewController.swift in Sources */ = {isa = PBXBuildFile; fileRef = C148B8B52B5937C400795223 /* MainViewController.swift */; };
		C148B8B92B5938D900795223 /* SearchViewController.swift in Sources */ = {isa = PBXBuildFile; fileRef = C148B8B82B5938D900795223 /* SearchViewController.swift */; };
		C148B8BB2B59391300795223 /* SettingViewController.swift in Sources */ = {isa = PBXBuildFile; fileRef = C148B8BA2B59391300795223 /* SettingViewController.swift */; };
		C148B8BF2B59474B00795223 /* TableViewCell.swift in Sources */ = {isa = PBXBuildFile; fileRef = C148B8BD2B59474B00795223 /* TableViewCell.swift */; };
		C148B8C02B59474B00795223 /* TableViewCell.xib in Resources */ = {isa = PBXBuildFile; fileRef = C148B8BE2B59474B00795223 /* TableViewCell.xib */; };
/* End PBXBuildFile section */

/* Begin PBXFileReference section */
		C1381B472B5A8B58001A5285 /* SearchResultViewController.swift */ = {isa = PBXFileReference; lastKnownFileType = sourcecode.swift; path = SearchResultViewController.swift; sourceTree = "<group>"; };
		C1381B492B5A8B62001A5285 /* SearchResultCollectionViewCell.swift */ = {isa = PBXFileReference; lastKnownFileType = sourcecode.swift; path = SearchResultCollectionViewCell.swift; sourceTree = "<group>"; };
		C1381B4A2B5A8B62001A5285 /* SearchResultCollectionViewCell.xib */ = {isa = PBXFileReference; lastKnownFileType = file.xib; path = SearchResultCollectionViewCell.xib; sourceTree = "<group>"; };
		C1381B502B5A99C1001A5285 /* APIManager.swift */ = {isa = PBXFileReference; lastKnownFileType = sourcecode.swift; path = APIManager.swift; sourceTree = "<group>"; };
		C1381B582B5A9A4A001A5285 /* UserDefaultsManager.swift */ = {isa = PBXFileReference; lastKnownFileType = sourcecode.swift; path = UserDefaultsManager.swift; sourceTree = "<group>"; };
		C1381B5A2B5A9CF6001A5285 /* Search.swift */ = {isa = PBXFileReference; lastKnownFileType = sourcecode.swift; path = Search.swift; sourceTree = "<group>"; };
		C1381B5D2B5BD6B0001A5285 /* ItemDetailViewController.swift */ = {isa = PBXFileReference; lastKnownFileType = sourcecode.swift; path = ItemDetailViewController.swift; sourceTree = "<group>"; };
		C1381B602B5BE23D001A5285 /* Onboarding.storyboard */ = {isa = PBXFileReference; lastKnownFileType = file.storyboard; path = Onboarding.storyboard; sourceTree = "<group>"; };
		C1381B632B5BF1F2001A5285 /* SettingsTableViewCell.swift */ = {isa = PBXFileReference; lastKnownFileType = sourcecode.swift; path = SettingsTableViewCell.swift; sourceTree = "<group>"; };
		C1381B642B5BF1F2001A5285 /* SettingsTableViewCell.xib */ = {isa = PBXFileReference; lastKnownFileType = file.xib; path = SettingsTableViewCell.xib; sourceTree = "<group>"; };
		C1381B672B5BF205001A5285 /* SettingsProfileTableViewCell.swift */ = {isa = PBXFileReference; lastKnownFileType = sourcecode.swift; path = SettingsProfileTableViewCell.swift; sourceTree = "<group>"; };
		C1381B682B5BF205001A5285 /* SettingsProfileTableViewCell.xib */ = {isa = PBXFileReference; lastKnownFileType = file.xib; path = SettingsProfileTableViewCell.xib; sourceTree = "<group>"; };
		C1381B6B2B5BF412001A5285 /* Settings.swift */ = {isa = PBXFileReference; lastKnownFileType = sourcecode.swift; path = Settings.swift; sourceTree = "<group>"; };
		C1381B742B5E47ED001A5285 /* SSButton.swift */ = {isa = PBXFileReference; lastKnownFileType = sourcecode.swift; path = SSButton.swift; sourceTree = "<group>"; };
		C1381B762B5E4E5A001A5285 /* SSNavigationTitle.swift */ = {isa = PBXFileReference; lastKnownFileType = sourcecode.swift; path = SSNavigationTitle.swift; sourceTree = "<group>"; };
		C1381B792B5E794B001A5285 /* LikedItemsTableViewCell.swift */ = {isa = PBXFileReference; lastKnownFileType = sourcecode.swift; path = LikedItemsTableViewCell.swift; sourceTree = "<group>"; };
		C1381B7A2B5E794B001A5285 /* LikedItemsTableViewCell.xib */ = {isa = PBXFileReference; lastKnownFileType = file.xib; path = LikedItemsTableViewCell.xib; sourceTree = "<group>"; };
		C1381B812B5E7B06001A5285 /* RecommendCollectionViewCell.swift */ = {isa = PBXFileReference; lastKnownFileType = sourcecode.swift; path = RecommendCollectionViewCell.swift; sourceTree = "<group>"; };
		C1381B822B5E7B06001A5285 /* RecommendCollectionViewCell.xib */ = {isa = PBXFileReference; lastKnownFileType = file.xib; path = RecommendCollectionViewCell.xib; sourceTree = "<group>"; };
		C1381B922B5F7F2C001A5285 /* Constants.swift */ = {isa = PBXFileReference; lastKnownFileType = sourcecode.swift; path = Constants.swift; sourceTree = "<group>"; };
		C1381BB72B5FFB6A001A5285 /* LocalNotificationManager.swift */ = {isa = PBXFileReference; lastKnownFileType = sourcecode.swift; path = LocalNotificationManager.swift; sourceTree = "<group>"; };
		C148B88A2B5904F400795223 /* SeSACShoppingApp.app */ = {isa = PBXFileReference; explicitFileType = wrapper.application; includeInIndex = 0; path = SeSACShoppingApp.app; sourceTree = BUILT_PRODUCTS_DIR; };
		C148B88D2B5904F400795223 /* AppDelegate.swift */ = {isa = PBXFileReference; lastKnownFileType = sourcecode.swift; path = AppDelegate.swift; sourceTree = "<group>"; };
		C148B88F2B5904F400795223 /* SceneDelegate.swift */ = {isa = PBXFileReference; lastKnownFileType = sourcecode.swift; path = SceneDelegate.swift; sourceTree = "<group>"; };
		C148B8912B5904F400795223 /* ViewController.swift */ = {isa = PBXFileReference; lastKnownFileType = sourcecode.swift; path = ViewController.swift; sourceTree = "<group>"; };
		C148B8942B5904F400795223 /* Base */ = {isa = PBXFileReference; lastKnownFileType = file.storyboard; name = Base; path = Base.lproj/Main.storyboard; sourceTree = "<group>"; };
		C148B8962B5904F500795223 /* Assets.xcassets */ = {isa = PBXFileReference; lastKnownFileType = folder.assetcatalog; path = Assets.xcassets; sourceTree = "<group>"; };
		C148B8992B5904F500795223 /* Base */ = {isa = PBXFileReference; lastKnownFileType = file.storyboard; name = Base; path = Base.lproj/LaunchScreen.storyboard; sourceTree = "<group>"; };
		C148B89B2B5904F500795223 /* Info.plist */ = {isa = PBXFileReference; lastKnownFileType = text.plist.xml; path = Info.plist; sourceTree = "<group>"; };
		C148B8A12B59050400795223 /* .gitignore */ = {isa = PBXFileReference; lastKnownFileType = text; path = .gitignore; sourceTree = "<group>"; };
		C148B8A32B59051A00795223 /* APIKey.swift */ = {isa = PBXFileReference; lastKnownFileType = sourcecode.swift; path = APIKey.swift; sourceTree = "<group>"; };
		C148B8A62B59075400795223 /* OnboardingViewController.swift */ = {isa = PBXFileReference; lastKnownFileType = sourcecode.swift; path = OnboardingViewController.swift; sourceTree = "<group>"; };
		C148B8A92B590BB900795223 /* UIViewController+Extension.swift */ = {isa = PBXFileReference; lastKnownFileType = sourcecode.swift; path = "UIViewController+Extension.swift"; sourceTree = "<group>"; };
		C148B8AB2B590E1500795223 /* ProfileSettingViewController.swift */ = {isa = PBXFileReference; lastKnownFileType = sourcecode.swift; path = ProfileSettingViewController.swift; sourceTree = "<group>"; };
		C148B8AD2B59195800795223 /* ProfileImageSelectViewController.swift */ = {isa = PBXFileReference; lastKnownFileType = sourcecode.swift; path = ProfileImageSelectViewController.swift; sourceTree = "<group>"; };
		C148B8B12B59228800795223 /* ProfileCollectionViewCell.swift */ = {isa = PBXFileReference; lastKnownFileType = sourcecode.swift; path = ProfileCollectionViewCell.swift; sourceTree = "<group>"; };
		C148B8B22B59228800795223 /* ProfileCollectionViewCell.xib */ = {isa = PBXFileReference; lastKnownFileType = file.xib; path = ProfileCollectionViewCell.xib; sourceTree = "<group>"; };
		C148B8B52B5937C400795223 /* MainViewController.swift */ = {isa = PBXFileReference; lastKnownFileType = sourcecode.swift; path = MainViewController.swift; sourceTree = "<group>"; };
		C148B8B82B5938D900795223 /* SearchViewController.swift */ = {isa = PBXFileReference; lastKnownFileType = sourcecode.swift; path = SearchViewController.swift; sourceTree = "<group>"; };
		C148B8BA2B59391300795223 /* SettingViewController.swift */ = {isa = PBXFileReference; lastKnownFileType = sourcecode.swift; path = SettingViewController.swift; sourceTree = "<group>"; };
		C148B8BD2B59474B00795223 /* TableViewCell.swift */ = {isa = PBXFileReference; lastKnownFileType = sourcecode.swift; path = TableViewCell.swift; sourceTree = "<group>"; };
		C148B8BE2B59474B00795223 /* TableViewCell.xib */ = {isa = PBXFileReference; lastKnownFileType = file.xib; path = TableViewCell.xib; sourceTree = "<group>"; };
/* End PBXFileReference section */

/* Begin PBXFrameworksBuildPhase section */
		C148B8872B5904F400795223 /* Frameworks */ = {
			isa = PBXFrameworksBuildPhase;
			buildActionMask = 2147483647;
			files = (
				C1381B572B5A99E0001A5285 /* Kingfisher in Frameworks */,
				C1381B542B5A99D2001A5285 /* Alamofire in Frameworks */,
			);
			runOnlyForDeploymentPostprocessing = 0;
		};
/* End PBXFrameworksBuildPhase section */

/* Begin PBXGroup section */
		C1381B462B5A8B4E001A5285 /* SearchResult */ = {
			isa = PBXGroup;
			children = (
				C1381B472B5A8B58001A5285 /* SearchResultViewController.swift */,
				C1381B492B5A8B62001A5285 /* SearchResultCollectionViewCell.swift */,
				C1381B4A2B5A8B62001A5285 /* SearchResultCollectionViewCell.xib */,
			);
			path = SearchResult;
			sourceTree = "<group>";
		};
		C1381B4D2B5A9902001A5285 /* View */ = {
			isa = PBXGroup;
			children = (
				C1381B732B5E47E0001A5285 /* Component */,
				C148B8A52B59073300795223 /* Onboarding */,
				C148B8B72B59389E00795223 /* Main */,
			);
			path = View;
			sourceTree = "<group>";
		};
		C1381B4E2B5A9914001A5285 /* Model */ = {
			isa = PBXGroup;
			children = (
				C148B8A32B59051A00795223 /* APIKey.swift */,
				C1381B5A2B5A9CF6001A5285 /* Search.swift */,
				C1381B6B2B5BF412001A5285 /* Settings.swift */,
				C1381B922B5F7F2C001A5285 /* Constants.swift */,
			);
			path = Model;
			sourceTree = "<group>";
		};
		C1381B4F2B5A99B8001A5285 /* Manager */ = {
			isa = PBXGroup;
			children = (
				C1381B502B5A99C1001A5285 /* APIManager.swift */,
				C1381B582B5A9A4A001A5285 /* UserDefaultsManager.swift */,
				C1381BB72B5FFB6A001A5285 /* LocalNotificationManager.swift */,
			);
			path = Manager;
			sourceTree = "<group>";
		};
		C1381B5C2B5BD695001A5285 /* ItemDetail */ = {
			isa = PBXGroup;
			children = (
				C1381B5D2B5BD6B0001A5285 /* ItemDetailViewController.swift */,
			);
			path = ItemDetail;
			sourceTree = "<group>";
		};
		C1381B622B5BF1DE001A5285 /* Setting */ = {
			isa = PBXGroup;
			children = (
				C148B8BA2B59391300795223 /* SettingViewController.swift */,
				C1381B632B5BF1F2001A5285 /* SettingsTableViewCell.swift */,
				C1381B642B5BF1F2001A5285 /* SettingsTableViewCell.xib */,
				C1381B672B5BF205001A5285 /* SettingsProfileTableViewCell.swift */,
				C1381B682B5BF205001A5285 /* SettingsProfileTableViewCell.xib */,
			);
			path = Setting;
			sourceTree = "<group>";
		};
		C1381B732B5E47E0001A5285 /* Component */ = {
			isa = PBXGroup;
			children = (
				C1381B742B5E47ED001A5285 /* SSButton.swift */,
				C1381B762B5E4E5A001A5285 /* SSNavigationTitle.swift */,
			);
			path = Component;
			sourceTree = "<group>";
		};
		C1381B782B5E784F001A5285 /* ShoppingList */ = {
			isa = PBXGroup;
			children = (
				C148B8B52B5937C400795223 /* MainViewController.swift */,
				C1381B792B5E794B001A5285 /* LikedItemsTableViewCell.swift */,
				C1381B7A2B5E794B001A5285 /* LikedItemsTableViewCell.xib */,
				C1381B812B5E7B06001A5285 /* RecommendCollectionViewCell.swift */,
				C1381B822B5E7B06001A5285 /* RecommendCollectionViewCell.xib */,
			);
			path = ShoppingList;
			sourceTree = "<group>";
		};
		C148B8812B5904F400795223 = {
			isa = PBXGroup;
			children = (
				C148B88C2B5904F400795223 /* SeSACShoppingApp */,
				C148B88B2B5904F400795223 /* Products */,
			);
			sourceTree = "<group>";
		};
		C148B88B2B5904F400795223 /* Products */ = {
			isa = PBXGroup;
			children = (
				C148B88A2B5904F400795223 /* SeSACShoppingApp.app */,
			);
			name = Products;
			sourceTree = "<group>";
		};
		C148B88C2B5904F400795223 /* SeSACShoppingApp */ = {
			isa = PBXGroup;
			children = (
				C1381B4F2B5A99B8001A5285 /* Manager */,
				C1381B4E2B5A9914001A5285 /* Model */,
				C1381B4D2B5A9902001A5285 /* View */,
				C148B8A82B590BA900795223 /* Extension */,
				C148B88D2B5904F400795223 /* AppDelegate.swift */,
				C148B88F2B5904F400795223 /* SceneDelegate.swift */,
				C148B8912B5904F400795223 /* ViewController.swift */,
				C148B8932B5904F400795223 /* Main.storyboard */,
				C148B8962B5904F500795223 /* Assets.xcassets */,
				C148B8982B5904F500795223 /* LaunchScreen.storyboard */,
				C148B89B2B5904F500795223 /* Info.plist */,
				C148B8A12B59050400795223 /* .gitignore */,
			);
			path = SeSACShoppingApp;
			sourceTree = "<group>";
		};
		C148B8A52B59073300795223 /* Onboarding */ = {
			isa = PBXGroup;
			children = (
				C148B8A62B59075400795223 /* OnboardingViewController.swift */,
				C148B8AD2B59195800795223 /* ProfileImageSelectViewController.swift */,
				C148B8AB2B590E1500795223 /* ProfileSettingViewController.swift */,
				C148B8B12B59228800795223 /* ProfileCollectionViewCell.swift */,
				C148B8B22B59228800795223 /* ProfileCollectionViewCell.xib */,
				C1381B602B5BE23D001A5285 /* Onboarding.storyboard */,
			);
			path = Onboarding;
			sourceTree = "<group>";
		};
		C148B8A82B590BA900795223 /* Extension */ = {
			isa = PBXGroup;
			children = (
				C148B8A92B590BB900795223 /* UIViewController+Extension.swift */,
			);
			path = Extension;
			sourceTree = "<group>";
		};
		C148B8B72B59389E00795223 /* Main */ = {
			isa = PBXGroup;
			children = (
				C1381B782B5E784F001A5285 /* ShoppingList */,
				C1381B622B5BF1DE001A5285 /* Setting */,
				C1381B5C2B5BD695001A5285 /* ItemDetail */,
				C1381B462B5A8B4E001A5285 /* SearchResult */,
				C148B8BC2B59473E00795223 /* Search */,
			);
			path = Main;
			sourceTree = "<group>";
		};
		C148B8BC2B59473E00795223 /* Search */ = {
			isa = PBXGroup;
			children = (
				C148B8B82B5938D900795223 /* SearchViewController.swift */,
				C148B8BD2B59474B00795223 /* TableViewCell.swift */,
				C148B8BE2B59474B00795223 /* TableViewCell.xib */,
			);
			path = Search;
			sourceTree = "<group>";
		};
/* End PBXGroup section */

/* Begin PBXNativeTarget section */
		C148B8892B5904F400795223 /* SeSACShoppingApp */ = {
			isa = PBXNativeTarget;
			buildConfigurationList = C148B89E2B5904F500795223 /* Build configuration list for PBXNativeTarget "SeSACShoppingApp" */;
			buildPhases = (
				C148B8862B5904F400795223 /* Sources */,
				C148B8872B5904F400795223 /* Frameworks */,
				C148B8882B5904F400795223 /* Resources */,
			);
			buildRules = (
			);
			dependencies = (
			);
			name = SeSACShoppingApp;
			packageProductDependencies = (
				C1381B532B5A99D2001A5285 /* Alamofire */,
				C1381B562B5A99E0001A5285 /* Kingfisher */,
			);
			productName = SeSACShoppingApp;
			productReference = C148B88A2B5904F400795223 /* SeSACShoppingApp.app */;
			productType = "com.apple.product-type.application";
		};
/* End PBXNativeTarget section */

/* Begin PBXProject section */
		C148B8822B5904F400795223 /* Project object */ = {
			isa = PBXProject;
			attributes = {
				BuildIndependentTargetsInParallel = 1;
				LastSwiftUpdateCheck = 1430;
				LastUpgradeCheck = 1430;
				TargetAttributes = {
					C148B8892B5904F400795223 = {
						CreatedOnToolsVersion = 14.3.1;
					};
				};
			};
			buildConfigurationList = C148B8852B5904F400795223 /* Build configuration list for PBXProject "SeSACShoppingApp" */;
			compatibilityVersion = "Xcode 14.0";
			developmentRegion = en;
			hasScannedForEncodings = 0;
			knownRegions = (
				en,
				Base,
			);
			mainGroup = C148B8812B5904F400795223;
			packageReferences = (
				C1381B522B5A99D2001A5285 /* XCRemoteSwiftPackageReference "Alamofire" */,
				C1381B552B5A99E0001A5285 /* XCRemoteSwiftPackageReference "Kingfisher" */,
			);
			productRefGroup = C148B88B2B5904F400795223 /* Products */;
			projectDirPath = "";
			projectRoot = "";
			targets = (
				C148B8892B5904F400795223 /* SeSACShoppingApp */,
			);
		};
/* End PBXProject section */

/* Begin PBXResourcesBuildPhase section */
		C148B8882B5904F400795223 /* Resources */ = {
			isa = PBXResourcesBuildPhase;
			buildActionMask = 2147483647;
			files = (
				C148B8A22B59050400795223 /* .gitignore in Resources */,
				C1381B842B5E7B06001A5285 /* RecommendCollectionViewCell.xib in Resources */,
				C148B8C02B59474B00795223 /* TableViewCell.xib in Resources */,
				C148B89A2B5904F500795223 /* LaunchScreen.storyboard in Resources */,
				C1381B662B5BF1F2001A5285 /* SettingsTableViewCell.xib in Resources */,
				C1381B7C2B5E794B001A5285 /* LikedItemsTableViewCell.xib in Resources */,
				C148B8972B5904F500795223 /* Assets.xcassets in Resources */,
				C1381B4C2B5A8B62001A5285 /* SearchResultCollectionViewCell.xib in Resources */,
				C1381B6A2B5BF205001A5285 /* SettingsProfileTableViewCell.xib in Resources */,
				C148B8952B5904F400795223 /* Main.storyboard in Resources */,
				C148B8B42B59228800795223 /* ProfileCollectionViewCell.xib in Resources */,
				C1381B612B5BE23D001A5285 /* Onboarding.storyboard in Resources */,
			);
			runOnlyForDeploymentPostprocessing = 0;
		};
/* End PBXResourcesBuildPhase section */

/* Begin PBXSourcesBuildPhase section */
		C148B8862B5904F400795223 /* Sources */ = {
			isa = PBXSourcesBuildPhase;
			buildActionMask = 2147483647;
			files = (
				C1381B512B5A99C1001A5285 /* APIManager.swift in Sources */,
				C148B8BF2B59474B00795223 /* TableViewCell.swift in Sources */,
				C1381B7B2B5E794B001A5285 /* LikedItemsTableViewCell.swift in Sources */,
				C1381B592B5A9A4A001A5285 /* UserDefaultsManager.swift in Sources */,
				C148B8AA2B590BB900795223 /* UIViewController+Extension.swift in Sources */,
				C148B8B92B5938D900795223 /* SearchViewController.swift in Sources */,
				C148B8922B5904F400795223 /* ViewController.swift in Sources */,
				C1381B5B2B5A9CF6001A5285 /* Search.swift in Sources */,
				C1381B4B2B5A8B62001A5285 /* SearchResultCollectionViewCell.swift in Sources */,
				C148B88E2B5904F400795223 /* AppDelegate.swift in Sources */,
				C148B8B32B59228800795223 /* ProfileCollectionViewCell.swift in Sources */,
				C148B8A72B59075400795223 /* OnboardingViewController.swift in Sources */,
				C148B8AE2B59195800795223 /* ProfileImageSelectViewController.swift in Sources */,
				C1381B482B5A8B58001A5285 /* SearchResultViewController.swift in Sources */,
				C1381BB82B5FFB6A001A5285 /* LocalNotificationManager.swift in Sources */,
				C148B8A42B59051A00795223 /* APIKey.swift in Sources */,
				C148B8902B5904F400795223 /* SceneDelegate.swift in Sources */,
				C1381B5E2B5BD6B0001A5285 /* ItemDetailViewController.swift in Sources */,
				C1381B832B5E7B06001A5285 /* RecommendCollectionViewCell.swift in Sources */,
				C148B8AC2B590E1500795223 /* ProfileSettingViewController.swift in Sources */,
				C1381B752B5E47ED001A5285 /* SSButton.swift in Sources */,
				C1381B772B5E4E5A001A5285 /* SSNavigationTitle.swift in Sources */,
				C1381B692B5BF205001A5285 /* SettingsProfileTableViewCell.swift in Sources */,
				C148B8B62B5937C400795223 /* MainViewController.swift in Sources */,
				C1381B652B5BF1F2001A5285 /* SettingsTableViewCell.swift in Sources */,
				C1381B6C2B5BF412001A5285 /* Settings.swift in Sources */,
				C148B8BB2B59391300795223 /* SettingViewController.swift in Sources */,
				C1381B932B5F7F2C001A5285 /* Constants.swift in Sources */,
			);
			runOnlyForDeploymentPostprocessing = 0;
		};
/* End PBXSourcesBuildPhase section */

/* Begin PBXVariantGroup section */
		C148B8932B5904F400795223 /* Main.storyboard */ = {
			isa = PBXVariantGroup;
			children = (
				C148B8942B5904F400795223 /* Base */,
			);
			name = Main.storyboard;
			sourceTree = "<group>";
		};
		C148B8982B5904F500795223 /* LaunchScreen.storyboard */ = {
			isa = PBXVariantGroup;
			children = (
				C148B8992B5904F500795223 /* Base */,
			);
			name = LaunchScreen.storyboard;
			sourceTree = "<group>";
		};
/* End PBXVariantGroup section */

/* Begin XCBuildConfiguration section */
		C148B89C2B5904F500795223 /* Debug */ = {
			isa = XCBuildConfiguration;
			buildSettings = {
				ALWAYS_SEARCH_USER_PATHS = NO;
				CLANG_ANALYZER_NONNULL = YES;
				CLANG_ANALYZER_NUMBER_OBJECT_CONVERSION = YES_AGGRESSIVE;
				CLANG_CXX_LANGUAGE_STANDARD = "gnu++20";
				CLANG_ENABLE_MODULES = YES;
				CLANG_ENABLE_OBJC_ARC = YES;
				CLANG_ENABLE_OBJC_WEAK = YES;
				CLANG_WARN_BLOCK_CAPTURE_AUTORELEASING = YES;
				CLANG_WARN_BOOL_CONVERSION = YES;
				CLANG_WARN_COMMA = YES;
				CLANG_WARN_CONSTANT_CONVERSION = YES;
				CLANG_WARN_DEPRECATED_OBJC_IMPLEMENTATIONS = YES;
				CLANG_WARN_DIRECT_OBJC_ISA_USAGE = YES_ERROR;
				CLANG_WARN_DOCUMENTATION_COMMENTS = YES;
				CLANG_WARN_EMPTY_BODY = YES;
				CLANG_WARN_ENUM_CONVERSION = YES;
				CLANG_WARN_INFINITE_RECURSION = YES;
				CLANG_WARN_INT_CONVERSION = YES;
				CLANG_WARN_NON_LITERAL_NULL_CONVERSION = YES;
				CLANG_WARN_OBJC_IMPLICIT_RETAIN_SELF = YES;
				CLANG_WARN_OBJC_LITERAL_CONVERSION = YES;
				CLANG_WARN_OBJC_ROOT_CLASS = YES_ERROR;
				CLANG_WARN_QUOTED_INCLUDE_IN_FRAMEWORK_HEADER = YES;
				CLANG_WARN_RANGE_LOOP_ANALYSIS = YES;
				CLANG_WARN_STRICT_PROTOTYPES = YES;
				CLANG_WARN_SUSPICIOUS_MOVE = YES;
				CLANG_WARN_UNGUARDED_AVAILABILITY = YES_AGGRESSIVE;
				CLANG_WARN_UNREACHABLE_CODE = YES;
				CLANG_WARN__DUPLICATE_METHOD_MATCH = YES;
				COPY_PHASE_STRIP = NO;
				DEBUG_INFORMATION_FORMAT = dwarf;
				ENABLE_STRICT_OBJC_MSGSEND = YES;
				ENABLE_TESTABILITY = YES;
				GCC_C_LANGUAGE_STANDARD = gnu11;
				GCC_DYNAMIC_NO_PIC = NO;
				GCC_NO_COMMON_BLOCKS = YES;
				GCC_OPTIMIZATION_LEVEL = 0;
				GCC_PREPROCESSOR_DEFINITIONS = (
					"DEBUG=1",
					"$(inherited)",
				);
				GCC_WARN_64_TO_32_BIT_CONVERSION = YES;
				GCC_WARN_ABOUT_RETURN_TYPE = YES_ERROR;
				GCC_WARN_UNDECLARED_SELECTOR = YES;
				GCC_WARN_UNINITIALIZED_AUTOS = YES_AGGRESSIVE;
				GCC_WARN_UNUSED_FUNCTION = YES;
				GCC_WARN_UNUSED_VARIABLE = YES;
				IPHONEOS_DEPLOYMENT_TARGET = 16.4;
				MTL_ENABLE_DEBUG_INFO = INCLUDE_SOURCE;
				MTL_FAST_MATH = YES;
				ONLY_ACTIVE_ARCH = YES;
				SDKROOT = iphoneos;
				SWIFT_ACTIVE_COMPILATION_CONDITIONS = DEBUG;
				SWIFT_OPTIMIZATION_LEVEL = "-Onone";
			};
			name = Debug;
		};
		C148B89D2B5904F500795223 /* Release */ = {
			isa = XCBuildConfiguration;
			buildSettings = {
				ALWAYS_SEARCH_USER_PATHS = NO;
				CLANG_ANALYZER_NONNULL = YES;
				CLANG_ANALYZER_NUMBER_OBJECT_CONVERSION = YES_AGGRESSIVE;
				CLANG_CXX_LANGUAGE_STANDARD = "gnu++20";
				CLANG_ENABLE_MODULES = YES;
				CLANG_ENABLE_OBJC_ARC = YES;
				CLANG_ENABLE_OBJC_WEAK = YES;
				CLANG_WARN_BLOCK_CAPTURE_AUTORELEASING = YES;
				CLANG_WARN_BOOL_CONVERSION = YES;
				CLANG_WARN_COMMA = YES;
				CLANG_WARN_CONSTANT_CONVERSION = YES;
				CLANG_WARN_DEPRECATED_OBJC_IMPLEMENTATIONS = YES;
				CLANG_WARN_DIRECT_OBJC_ISA_USAGE = YES_ERROR;
				CLANG_WARN_DOCUMENTATION_COMMENTS = YES;
				CLANG_WARN_EMPTY_BODY = YES;
				CLANG_WARN_ENUM_CONVERSION = YES;
				CLANG_WARN_INFINITE_RECURSION = YES;
				CLANG_WARN_INT_CONVERSION = YES;
				CLANG_WARN_NON_LITERAL_NULL_CONVERSION = YES;
				CLANG_WARN_OBJC_IMPLICIT_RETAIN_SELF = YES;
				CLANG_WARN_OBJC_LITERAL_CONVERSION = YES;
				CLANG_WARN_OBJC_ROOT_CLASS = YES_ERROR;
				CLANG_WARN_QUOTED_INCLUDE_IN_FRAMEWORK_HEADER = YES;
				CLANG_WARN_RANGE_LOOP_ANALYSIS = YES;
				CLANG_WARN_STRICT_PROTOTYPES = YES;
				CLANG_WARN_SUSPICIOUS_MOVE = YES;
				CLANG_WARN_UNGUARDED_AVAILABILITY = YES_AGGRESSIVE;
				CLANG_WARN_UNREACHABLE_CODE = YES;
				CLANG_WARN__DUPLICATE_METHOD_MATCH = YES;
				COPY_PHASE_STRIP = NO;
				DEBUG_INFORMATION_FORMAT = "dwarf-with-dsym";
				ENABLE_NS_ASSERTIONS = NO;
				ENABLE_STRICT_OBJC_MSGSEND = YES;
				GCC_C_LANGUAGE_STANDARD = gnu11;
				GCC_NO_COMMON_BLOCKS = YES;
				GCC_WARN_64_TO_32_BIT_CONVERSION = YES;
				GCC_WARN_ABOUT_RETURN_TYPE = YES_ERROR;
				GCC_WARN_UNDECLARED_SELECTOR = YES;
				GCC_WARN_UNINITIALIZED_AUTOS = YES_AGGRESSIVE;
				GCC_WARN_UNUSED_FUNCTION = YES;
				GCC_WARN_UNUSED_VARIABLE = YES;
				IPHONEOS_DEPLOYMENT_TARGET = 16.4;
				MTL_ENABLE_DEBUG_INFO = NO;
				MTL_FAST_MATH = YES;
				SDKROOT = iphoneos;
				SWIFT_COMPILATION_MODE = wholemodule;
				SWIFT_OPTIMIZATION_LEVEL = "-O";
				VALIDATE_PRODUCT = YES;
			};
			name = Release;
		};
		C148B89F2B5904F500795223 /* Debug */ = {
			isa = XCBuildConfiguration;
			buildSettings = {
				ASSETCATALOG_COMPILER_APPICON_NAME = AppIcon;
				ASSETCATALOG_COMPILER_GLOBAL_ACCENT_COLOR_NAME = AccentColor;
				CODE_SIGN_STYLE = Automatic;
				CURRENT_PROJECT_VERSION = 1;
				DEVELOPMENT_TEAM = MTUYFM4K8P;
				GENERATE_INFOPLIST_FILE = YES;
				INFOPLIST_FILE = SeSACShoppingApp/Info.plist;
				INFOPLIST_KEY_CFBundleDisplayName = "신정연";
				INFOPLIST_KEY_UIApplicationSupportsIndirectInputEvents = YES;
				INFOPLIST_KEY_UILaunchStoryboardName = LaunchScreen;
				INFOPLIST_KEY_UIMainStoryboardFile = Main;
				INFOPLIST_KEY_UISupportedInterfaceOrientations = UIInterfaceOrientationPortrait;
				INFOPLIST_KEY_UISupportedInterfaceOrientations_iPad = "UIInterfaceOrientationLandscapeLeft UIInterfaceOrientationLandscapeRight UIInterfaceOrientationPortrait UIInterfaceOrientationPortraitUpsideDown";
				IPHONEOS_DEPLOYMENT_TARGET = 15.0;
				LD_RUNPATH_SEARCH_PATHS = (
					"$(inherited)",
					"@executable_path/Frameworks",
				);
				MARKETING_VERSION = 1.0;
				PRODUCT_BUNDLE_IDENTIFIER = Madeline.SeSACShoppingApp;
				PRODUCT_NAME = "$(TARGET_NAME)";
				SUPPORTED_PLATFORMS = "iphoneos iphonesimulator";
				SUPPORTS_MACCATALYST = NO;
				SUPPORTS_MAC_DESIGNED_FOR_IPHONE_IPAD = NO;
				SWIFT_EMIT_LOC_STRINGS = YES;
				SWIFT_VERSION = 5.0;
				TARGETED_DEVICE_FAMILY = 1;
			};
			name = Debug;
		};
		C148B8A02B5904F500795223 /* Release */ = {
			isa = XCBuildConfiguration;
			buildSettings = {
				ASSETCATALOG_COMPILER_APPICON_NAME = AppIcon;
				ASSETCATALOG_COMPILER_GLOBAL_ACCENT_COLOR_NAME = AccentColor;
				CODE_SIGN_STYLE = Automatic;
				CURRENT_PROJECT_VERSION = 1;
				DEVELOPMENT_TEAM = MTUYFM4K8P;
				GENERATE_INFOPLIST_FILE = YES;
				INFOPLIST_FILE = SeSACShoppingApp/Info.plist;
				INFOPLIST_KEY_CFBundleDisplayName = "신정연";
				INFOPLIST_KEY_UIApplicationSupportsIndirectInputEvents = YES;
				INFOPLIST_KEY_UILaunchStoryboardName = LaunchScreen;
				INFOPLIST_KEY_UIMainStoryboardFile = Main;
				INFOPLIST_KEY_UISupportedInterfaceOrientations = UIInterfaceOrientationPortrait;
				INFOPLIST_KEY_UISupportedInterfaceOrientations_iPad = "UIInterfaceOrientationLandscapeLeft UIInterfaceOrientationLandscapeRight UIInterfaceOrientationPortrait UIInterfaceOrientationPortraitUpsideDown";
				IPHONEOS_DEPLOYMENT_TARGET = 15.0;
				LD_RUNPATH_SEARCH_PATHS = (
					"$(inherited)",
					"@executable_path/Frameworks",
				);
				MARKETING_VERSION = 1.0;
				PRODUCT_BUNDLE_IDENTIFIER = Madeline.SeSACShoppingApp;
				PRODUCT_NAME = "$(TARGET_NAME)";
				SUPPORTED_PLATFORMS = "iphoneos iphonesimulator";
				SUPPORTS_MACCATALYST = NO;
				SUPPORTS_MAC_DESIGNED_FOR_IPHONE_IPAD = NO;
				SWIFT_EMIT_LOC_STRINGS = YES;
				SWIFT_VERSION = 5.0;
				TARGETED_DEVICE_FAMILY = 1;
			};
			name = Release;
		};
/* End XCBuildConfiguration section */

/* Begin XCConfigurationList section */
		C148B8852B5904F400795223 /* Build configuration list for PBXProject "SeSACShoppingApp" */ = {
			isa = XCConfigurationList;
			buildConfigurations = (
				C148B89C2B5904F500795223 /* Debug */,
				C148B89D2B5904F500795223 /* Release */,
			);
			defaultConfigurationIsVisible = 0;
			defaultConfigurationName = Release;
		};
		C148B89E2B5904F500795223 /* Build configuration list for PBXNativeTarget "SeSACShoppingApp" */ = {
			isa = XCConfigurationList;
			buildConfigurations = (
				C148B89F2B5904F500795223 /* Debug */,
				C148B8A02B5904F500795223 /* Release */,
			);
			defaultConfigurationIsVisible = 0;
			defaultConfigurationName = Release;
		};
/* End XCConfigurationList section */

/* Begin XCRemoteSwiftPackageReference section */
		C1381B522B5A99D2001A5285 /* XCRemoteSwiftPackageReference "Alamofire" */ = {
			isa = XCRemoteSwiftPackageReference;
			repositoryURL = "https://github.com/Alamofire/Alamofire";
			requirement = {
				kind = upToNextMajorVersion;
				minimumVersion = 5.8.1;
			};
		};
		C1381B552B5A99E0001A5285 /* XCRemoteSwiftPackageReference "Kingfisher" */ = {
			isa = XCRemoteSwiftPackageReference;
			repositoryURL = "https://github.com/onevcat/Kingfisher.git";
			requirement = {
				kind = upToNextMajorVersion;
				minimumVersion = 7.10.2;
			};
		};
/* End XCRemoteSwiftPackageReference section */

/* Begin XCSwiftPackageProductDependency section */
		C1381B532B5A99D2001A5285 /* Alamofire */ = {
			isa = XCSwiftPackageProductDependency;
			package = C1381B522B5A99D2001A5285 /* XCRemoteSwiftPackageReference "Alamofire" */;
			productName = Alamofire;
		};
		C1381B562B5A99E0001A5285 /* Kingfisher */ = {
			isa = XCSwiftPackageProductDependency;
			package = C1381B552B5A99E0001A5285 /* XCRemoteSwiftPackageReference "Kingfisher" */;
			productName = Kingfisher;
		};
/* End XCSwiftPackageProductDependency section */
	};
	rootObject = C148B8822B5904F400795223 /* Project object */;
}
